lockfile_version: '1'
dependencies: []
deployments:
- kind: project-relative
  target: claude
  value: .claude/agents/arbiter.md
  runtime: null
  scope: project
  owners:
  - .
  active_owner: .
  content_hash: sha256:cc855c5b0793f68a6d02f15ce2f0d7842ef3ce5860260ed9b84ef3a4b9a229df
- kind: project-relative
  target: claude
  value: .claude/agents/builder.md
  runtime: null
  scope: project
  owners:
  - .
  active_owner: .
  content_hash: sha256:e8b1b4ed02e4a010dbed77d664201a4bd82fb4c4b4340e2e2acd9dabcfe5a0d8
- kind: project-relative
  target: claude
  value: .claude/agents/challenger.md
  runtime: null
  scope: project
  owners:
  - .
  active_owner: .
  content_hash: sha256:f5275e5799501d7f3cbac9d8706ac772c0b26a9840c7b583d12cbb14ff4b477f
- kind: project-relative
  target: claude
  value: .claude/agents/conductor.md
  runtime: null
  scope: project
  owners:
  - .
  active_owner: .
  content_hash: sha256:f0677e29283db215b83edee3e65836a93d8e07bf1a464bbfd06e1d902f6373b9
- kind: project-relative
  target: claude
  value: .claude/agents/finalizer.md
  runtime: null
  scope: project
  owners:
  - .
  active_owner: .
  content_hash: sha256:30a0ef0831b86802fc069ade6dcc07ac44947e0bbcd9da1d77668e4c59880bae
- kind: project-relative
  target: claude
  value: .claude/agents/github-gatekeeper.md
  runtime: null
  scope: project
  owners:
  - .
  active_owner: .
  content_hash: sha256:63c6c9aedfe8fa847bb8ef1db485890eb7192c539681d99c35acd7c7f1ec534f
- kind: project-relative
  target: claude
  value: .claude/agents/researcher.md
  runtime: null
  scope: project
  owners:
  - .
  active_owner: .
  content_hash: sha256:9e313a917b77235e0e3664f75729a94db98ff572662f7ef465c39f7fed78b6a8
- kind: project-relative
  target: claude
  value: .claude/agents/reviewer.md
  runtime: null
  scope: project
  owners:
  - .
  active_owner: .
  content_hash: sha256:1c1f6ed964d4b01d207dca36030cd0b309ab98e61db1dc8e9797d60df7846885
- kind: project-relative
  target: claude
  value: .claude/agents/security-reviewer.md
  runtime: null
  scope: project
  owners:
  - .
  active_owner: .
  content_hash: sha256:bca7bb46b4e74324942b325069eadfe6c3708af658ba838d3b9dfc79d92118b4
- kind: project-relative
  target: claude
  value: .claude/agents/spec-lead.md
  runtime: null
  scope: project
  owners:
  - .
  active_owner: .
  content_hash: sha256:bb095a9f8a7617bd81eb4b22ce67c95e928dd2bd8ff35c3bfd2a5fddb06c00f0
- kind: project-relative
  target: claude
  value: .claude/agents/validator.md
  runtime: null
  scope: project
  owners:
  - .
  active_owner: .
  content_hash: sha256:f5c816866226da02adfc26a802059ba44a747b6755f6cff45656d619b142366b
- kind: project-relative
  target: claude
  value: .claude/skills/code-conductor-protocol
  runtime: null
  scope: project
  owners:
  - .
  active_owner: .
  content_hash: null
- kind: project-relative
  target: claude
  value: .claude/skills/code-conductor-protocol/SKILL.md
  runtime: null
  scope: project
  owners:
  - .
  active_owner: .
  content_hash: sha256:40533ea9b9800d5ccb39966303c69ea6d32e7789b5e28e95d94295a8fbbc507e
- kind: project-relative
  target: claude
  value: .claude/skills/evidence-driven-review
  runtime: null
  scope: project
  owners:
  - .
  active_owner: .
  content_hash: null
- kind: project-relative
  target: claude
  value: .claude/skills/evidence-driven-review/SKILL.md
  runtime: null
  scope: project
  owners:
  - .
  active_owner: .
  content_hash: sha256:7df7b1a50e001478bc9354dc9f4b0b7a3282ee27486d30efc5523c55f45a205c
- kind: project-relative
  target: claude
  value: .claude/skills/github-gatekeeper
  runtime: null
  scope: project
  owners:
  - .
  active_owner: .
  content_hash: null
- kind: project-relative
  target: claude
  value: .claude/skills/github-gatekeeper/SKILL.md
  runtime: null
  scope: project
  owners:
  - .
  active_owner: .
  content_hash: sha256:08d292196ae9eb408b84d0ad999f94474d99ef38164b59b2988513adc047cfb4
- kind: project-relative
  target: codex
  value: .codex/agents/arbiter.toml
  runtime: null
  scope: project
  owners:
  - .
  active_owner: .
  content_hash: sha256:8b7eb34fab0c64ed119c6a6985b5d04629ae1239eafadfef0e4ee450fea61d51
- kind: project-relative
  target: codex
  value: .codex/agents/builder.toml
  runtime: null
  scope: project
  owners:
  - .
  active_owner: .
  content_hash: sha256:7c95bd227342d0eda52431677a2d22764fba47da2c5ef5f8cedb3ef5e5a29841
- kind: project-relative
  target: codex
  value: .codex/agents/challenger.toml
  runtime: null
  scope: project
  owners:
  - .
  active_owner: .
  content_hash: sha256:32c1c44b367237e26b86915ef86250124c4ba6bae44e39abafa29f40785ff595
- kind: project-relative
  target: codex
  value: .codex/agents/conductor.toml
  runtime: null
  scope: project
  owners:
  - .
  active_owner: .
  content_hash: sha256:787a62bf012006c022ede7ee03c2575fc49dd45ca8fb9a8198dfb72018881978
- kind: project-relative
  target: codex
  value: .codex/agents/finalizer.toml
  runtime: null
  scope: project
  owners:
  - .
  active_owner: .
  content_hash: sha256:2dba92772412beb5904a761dc6b86e56e959711a8b99884bb7d2d34ef323a996
- kind: project-relative
  target: codex
  value: .codex/agents/github-gatekeeper.toml
  runtime: null
  scope: project
  owners:
  - .
  active_owner: .
  content_hash: sha256:e4360b3be2dd0f2f755d38c389983c0936ec421e22c4aef9e92aac8f6fce7648
- kind: project-relative
  target: codex
  value: .codex/agents/researcher.toml
  runtime: null
  scope: project
  owners:
  - .
  active_owner: .
  content_hash: sha256:8c63c4e33b4d13cd3388466b5c5828eede5a15257a2df8cb2561f4a125d4a5b2
- kind: project-relative
  target: codex
  value: .codex/agents/reviewer.toml
  runtime: null
  scope: project
  owners:
  - .
  active_owner: .
  content_hash: sha256:fae7d5b0a7866c01a29bd486fdacac5e5bbc8de4a03debe1d3ce954b0735fe6d
- kind: project-relative
  target: codex
  value: .codex/agents/security-reviewer.toml
  runtime: null
  scope: project
  owners:
  - .
  active_owner: .
  content_hash: sha256:edab0d15af963c5a6158da8ba054547aaa633233a603864be995591c424a737f
- kind: project-relative
  target: codex
  value: .codex/agents/spec-lead.toml
  runtime: null
  scope: project
  owners:
  - .
  active_owner: .
  content_hash: sha256:277a68858ffb1c60f851f488b94c15dbfc4e7df58aec67b4071f11c056b05dea
- kind: project-relative
  target: codex
  value: .codex/agents/validator.toml
  runtime: null
  scope: project
  owners:
  - .
  active_owner: .
  content_hash: sha256:94f4b50581fc5ca61dfa48c33ab649ae9491f993a87c0afe299cb1ca41f62a94
- kind: project-relative
  target: copilot
  value: .github/agents/arbiter.agent.md
  runtime: null
  scope: project
  owners:
  - .
  active_owner: .
  content_hash: sha256:cc855c5b0793f68a6d02f15ce2f0d7842ef3ce5860260ed9b84ef3a4b9a229df
- kind: project-relative
  target: copilot
  value: .github/agents/builder.agent.md
  runtime: null
  scope: project
  owners:
  - .
  active_owner: .
  content_hash: sha256:e8b1b4ed02e4a010dbed77d664201a4bd82fb4c4b4340e2e2acd9dabcfe5a0d8
- kind: project-relative
  target: copilot
  value: .github/agents/challenger.agent.md
  runtime: null
  scope: project
  owners:
  - .
  active_owner: .
  content_hash: sha256:f5275e5799501d7f3cbac9d8706ac772c0b26a9840c7b583d12cbb14ff4b477f
- kind: project-relative
  target: copilot
  value: .github/agents/conductor.agent.md
  runtime: null
  scope: project
  owners:
  - .
  active_owner: .
  content_hash: sha256:f0677e29283db215b83edee3e65836a93d8e07bf1a464bbfd06e1d902f6373b9
- kind: project-relative
  target: copilot
  value: .github/agents/finalizer.agent.md
  runtime: null
  scope: project
  owners:
  - .
  active_owner: .
  content_hash: sha256:30a0ef0831b86802fc069ade6dcc07ac44947e0bbcd9da1d77668e4c59880bae
- kind: project-relative
  target: copilot
  value: .github/agents/github-gatekeeper.agent.md
  runtime: null
  scope: project
  owners:
  - .
  active_owner: .
  content_hash: sha256:63c6c9aedfe8fa847bb8ef1db485890eb7192c539681d99c35acd7c7f1ec534f
- kind: project-relative
  target: copilot
  value: .github/agents/researcher.agent.md
  runtime: null
  scope: project
  owners:
  - .
  active_owner: .
  content_hash: sha256:9e313a917b77235e0e3664f75729a94db98ff572662f7ef465c39f7fed78b6a8
- kind: project-relative
  target: copilot
  value: .github/agents/reviewer.agent.md
  runtime: null
  scope: project
  owners:
  - .
  active_owner: .
  content_hash: sha256:1c1f6ed964d4b01d207dca36030cd0b309ab98e61db1dc8e9797d60df7846885
- kind: project-relative
  target: copilot
  value: .github/agents/security-reviewer.agent.md
  runtime: null
  scope: project
  owners:
  - .
  active_owner: .
  content_hash: sha256:bca7bb46b4e74324942b325069eadfe6c3708af658ba838d3b9dfc79d92118b4
- kind: project-relative
  target: copilot
  value: .github/agents/spec-lead.agent.md
  runtime: null
  scope: project
  owners:
  - .
  active_owner: .
  content_hash: sha256:bb095a9f8a7617bd81eb4b22ce67c95e928dd2bd8ff35c3bfd2a5fddb06c00f0
- kind: project-relative
  target: copilot
  value: .github/agents/validator.agent.md
  runtime: null
  scope: project
  owners:
  - .
  active_owner: .
  content_hash: sha256:f5c816866226da02adfc26a802059ba44a747b6755f6cff45656d619b142366b
- kind: project-relative
  target: kiro
  value: .kiro/agents/arbiter.md
  runtime: null
  scope: project
  owners:
  - .
  active_owner: .
  content_hash: sha256:9d1f590aea65b645e99387fd7ec77518a22a64c1408f159dfffcef6a41932b85
- kind: project-relative
  target: kiro
  value: .kiro/agents/builder.md
  runtime: null
  scope: project
  owners:
  - .
  active_owner: .
  content_hash: sha256:1753403f5998441dc9296e770249f090003d11e79b1c8be2ffd0891ead1270ed
- kind: project-relative
  target: kiro
  value: .kiro/agents/challenger.md
  runtime: null
  scope: project
  owners:
  - .
  active_owner: .
  content_hash: sha256:45b96ada40603f4e5ce4d374d4bba733c1dd4ea836c8f9528119bae5d3d91e67
- kind: project-relative
  target: kiro
  value: .kiro/agents/conductor.md
  runtime: null
  scope: project
  owners:
  - .
  active_owner: .
  content_hash: sha256:da9ec985f2a24572e00a672ba8593e7705ec612158953275be1c5a8351d2a1c5
- kind: project-relative
  target: kiro
  value: .kiro/agents/finalizer.md
  runtime: null
  scope: project
  owners:
  - .
  active_owner: .
  content_hash: sha256:80f950bfd1b29e868924e333bd57fd5387de6ab34899433154177d56228d0ec8
- kind: project-relative
  target: kiro
  value: .kiro/agents/github-gatekeeper.md
  runtime: null
  scope: project
  owners:
  - .
  active_owner: .
  content_hash: sha256:b7304474bed9ad4baf2b6e0d4aadfb149f453d5537fa430933f71347f0b4809b
- kind: project-relative
  target: kiro
  value: .kiro/agents/researcher.md
  runtime: null
  scope: project
  owners:
  - .
  active_owner: .
  content_hash: sha256:1ff29d6ec88458f9ea4b59182c6323db074e93ce134ce1431c6875e4fd9c2d1b
- kind: project-relative
  target: kiro
  value: .kiro/agents/reviewer.md
  runtime: null
  scope: project
  owners:
  - .
  active_owner: .
  content_hash: sha256:0c30b535d9674613b0aedd9c1024f6e1acd64708a6fd6c72f3a85da991797d35
- kind: project-relative
  target: kiro
  value: .kiro/agents/security-reviewer.md
  runtime: null
  scope: project
  owners:
  - .
  active_owner: .
  content_hash: sha256:a02d4b9e6417ba834715c8141d53870b3ec3fd3397a63108f9f65e774cc1133a
- kind: project-relative
  target: kiro
  value: .kiro/agents/spec-lead.md
  runtime: null
  scope: project
  owners:
  - .
  active_owner: .
  content_hash: sha256:06e29720be7eef1b239d911ea82f9434b02d00ad63331e89fe806c1a3f6f5831
- kind: project-relative
  target: kiro
  value: .kiro/agents/validator.md
  runtime: null
  scope: project
  owners:
  - .
  active_owner: .
  content_hash: sha256:da78ba6221ac5b1692f1ab44642d06f94eef4b8278a25afcb1bbcedf3195e849
- kind: project-relative
  target: kiro
  value: .kiro/skills/code-conductor-protocol
  runtime: null
  scope: project
  owners:
  - .
  active_owner: .
  content_hash: null
- kind: project-relative
  target: kiro
  value: .kiro/skills/code-conductor-protocol/SKILL.md
  runtime: null
  scope: project
  owners:
  - .
  active_owner: .
  content_hash: sha256:40533ea9b9800d5ccb39966303c69ea6d32e7789b5e28e95d94295a8fbbc507e
- kind: project-relative
  target: kiro
  value: .kiro/skills/evidence-driven-review
  runtime: null
  scope: project
  owners:
  - .
  active_owner: .
  content_hash: null
- kind: project-relative
  target: kiro
  value: .kiro/skills/evidence-driven-review/SKILL.md
  runtime: null
  scope: project
  owners:
  - .
  active_owner: .
  content_hash: sha256:7df7b1a50e001478bc9354dc9f4b0b7a3282ee27486d30efc5523c55f45a205c
- kind: project-relative
  target: kiro
  value: .kiro/skills/github-gatekeeper
  runtime: null
  scope: project
  owners:
  - .
  active_owner: .
  content_hash: null
- kind: project-relative
  target: kiro
  value: .kiro/skills/github-gatekeeper/SKILL.md
  runtime: null
  scope: project
  owners:
  - .
  active_owner: .
  content_hash: sha256:08d292196ae9eb408b84d0ad999f94474d99ef38164b59b2988513adc047cfb4
- kind: project-relative
  target: legacy
  value: .agents/skills/code-conductor-protocol
  runtime: null
  scope: project
  owners:
  - .
  active_owner: .
  content_hash: null
- kind: project-relative
  target: legacy
  value: .agents/skills/code-conductor-protocol/SKILL.md
  runtime: null
  scope: project
  owners:
  - .
  active_owner: .
  content_hash: sha256:40533ea9b9800d5ccb39966303c69ea6d32e7789b5e28e95d94295a8fbbc507e
- kind: project-relative
  target: legacy
  value: .agents/skills/evidence-driven-review
  runtime: null
  scope: project
  owners:
  - .
  active_owner: .
  content_hash: null
- kind: project-relative
  target: legacy
  value: .agents/skills/evidence-driven-review/SKILL.md
  runtime: null
  scope: project
  owners:
  - .
  active_owner: .
  content_hash: sha256:7df7b1a50e001478bc9354dc9f4b0b7a3282ee27486d30efc5523c55f45a205c
- kind: project-relative
  target: legacy
  value: .agents/skills/github-gatekeeper
  runtime: null
  scope: project
  owners:
  - .
  active_owner: .
  content_hash: null
- kind: project-relative
  target: legacy
  value: .agents/skills/github-gatekeeper/SKILL.md
  runtime: null
  scope: project
  owners:
  - .
  active_owner: .
  content_hash: sha256:08d292196ae9eb408b84d0ad999f94474d99ef38164b59b2988513adc047cfb4
local_deployed_files:
- .agents/skills/code-conductor-protocol
- .agents/skills/code-conductor-protocol/SKILL.md
- .agents/skills/evidence-driven-review
- .agents/skills/evidence-driven-review/SKILL.md
- .agents/skills/github-gatekeeper
- .agents/skills/github-gatekeeper/SKILL.md
- .claude/agents/arbiter.md
- .claude/agents/builder.md
- .claude/agents/challenger.md
- .claude/agents/conductor.md
- .claude/agents/finalizer.md
- .claude/agents/github-gatekeeper.md
- .claude/agents/researcher.md
- .claude/agents/reviewer.md
- .claude/agents/security-reviewer.md
- .claude/agents/spec-lead.md
- .claude/agents/validator.md
- .claude/skills/code-conductor-protocol
- .claude/skills/code-conductor-protocol/SKILL.md
- .claude/skills/evidence-driven-review
- .claude/skills/evidence-driven-review/SKILL.md
- .claude/skills/github-gatekeeper
- .claude/skills/github-gatekeeper/SKILL.md
- .codex/agents/arbiter.toml
- .codex/agents/builder.toml
- .codex/agents/challenger.toml
- .codex/agents/conductor.toml
- .codex/agents/finalizer.toml
- .codex/agents/github-gatekeeper.toml
- .codex/agents/researcher.toml
- .codex/agents/reviewer.toml
- .codex/agents/security-reviewer.toml
- .codex/agents/spec-lead.toml
- .codex/agents/validator.toml
- .github/agents/arbiter.agent.md
- .github/agents/builder.agent.md
- .github/agents/challenger.agent.md
- .github/agents/conductor.agent.md
- .github/agents/finalizer.agent.md
- .github/agents/github-gatekeeper.agent.md
- .github/agents/researcher.agent.md
- .github/agents/reviewer.agent.md
- .github/agents/security-reviewer.agent.md
- .github/agents/spec-lead.agent.md
- .github/agents/validator.agent.md
- .kiro/agents/arbiter.md
- .kiro/agents/builder.md
- .kiro/agents/challenger.md
- .kiro/agents/conductor.md
- .kiro/agents/finalizer.md
- .kiro/agents/github-gatekeeper.md
- .kiro/agents/researcher.md
- .kiro/agents/reviewer.md
- .kiro/agents/security-reviewer.md
- .kiro/agents/spec-lead.md
- .kiro/agents/validator.md
- .kiro/skills/code-conductor-protocol
- .kiro/skills/code-conductor-protocol/SKILL.md
- .kiro/skills/evidence-driven-review
- .kiro/skills/evidence-driven-review/SKILL.md
- .kiro/skills/github-gatekeeper
- .kiro/skills/github-gatekeeper/SKILL.md
local_deployed_file_hashes:
  .agents/skills/code-conductor-protocol/SKILL.md: sha256:40533ea9b9800d5ccb39966303c69ea6d32e7789b5e28e95d94295a8fbbc507e
  .agents/skills/evidence-driven-review/SKILL.md: sha256:7df7b1a50e001478bc9354dc9f4b0b7a3282ee27486d30efc5523c55f45a205c
  .agents/skills/github-gatekeeper/SKILL.md: sha256:08d292196ae9eb408b84d0ad999f94474d99ef38164b59b2988513adc047cfb4
  .claude/agents/arbiter.md: sha256:cc855c5b0793f68a6d02f15ce2f0d7842ef3ce5860260ed9b84ef3a4b9a229df
  .claude/agents/builder.md: sha256:e8b1b4ed02e4a010dbed77d664201a4bd82fb4c4b4340e2e2acd9dabcfe5a0d8
  .claude/agents/challenger.md: sha256:f5275e5799501d7f3cbac9d8706ac772c0b26a9840c7b583d12cbb14ff4b477f
  .claude/agents/conductor.md: sha256:f0677e29283db215b83edee3e65836a93d8e07bf1a464bbfd06e1d902f6373b9
  .claude/agents/finalizer.md: sha256:30a0ef0831b86802fc069ade6dcc07ac44947e0bbcd9da1d77668e4c59880bae
  .claude/agents/github-gatekeeper.md: sha256:63c6c9aedfe8fa847bb8ef1db485890eb7192c539681d99c35acd7c7f1ec534f
  .claude/agents/researcher.md: sha256:9e313a917b77235e0e3664f75729a94db98ff572662f7ef465c39f7fed78b6a8
  .claude/agents/reviewer.md: sha256:1c1f6ed964d4b01d207dca36030cd0b309ab98e61db1dc8e9797d60df7846885
  .claude/agents/security-reviewer.md: sha256:bca7bb46b4e74324942b325069eadfe6c3708af658ba838d3b9dfc79d92118b4
  .claude/agents/spec-lead.md: sha256:bb095a9f8a7617bd81eb4b22ce67c95e928dd2bd8ff35c3bfd2a5fddb06c00f0
  .claude/agents/validator.md: sha256:f5c816866226da02adfc26a802059ba44a747b6755f6cff45656d619b142366b
  .claude/skills/code-conductor-protocol/SKILL.md: sha256:40533ea9b9800d5ccb39966303c69ea6d32e7789b5e28e95d94295a8fbbc507e
  .claude/skills/evidence-driven-review/SKILL.md: sha256:7df7b1a50e001478bc9354dc9f4b0b7a3282ee27486d30efc5523c55f45a205c
  .claude/skills/github-gatekeeper/SKILL.md: sha256:08d292196ae9eb408b84d0ad999f94474d99ef38164b59b2988513adc047cfb4
  .codex/agents/arbiter.toml: sha256:8b7eb34fab0c64ed119c6a6985b5d04629ae1239eafadfef0e4ee450fea61d51
  .codex/agents/builder.toml: sha256:7c95bd227342d0eda52431677a2d22764fba47da2c5ef5f8cedb3ef5e5a29841
  .codex/agents/challenger.toml: sha256:32c1c44b367237e26b86915ef86250124c4ba6bae44e39abafa29f40785ff595
  .codex/agents/conductor.toml: sha256:787a62bf012006c022ede7ee03c2575fc49dd45ca8fb9a8198dfb72018881978
  .codex/agents/finalizer.toml: sha256:2dba92772412beb5904a761dc6b86e56e959711a8b99884bb7d2d34ef323a996
  .codex/agents/github-gatekeeper.toml: sha256:e4360b3be2dd0f2f755d38c389983c0936ec421e22c4aef9e92aac8f6fce7648
  .codex/agents/researcher.toml: sha256:8c63c4e33b4d13cd3388466b5c5828eede5a15257a2df8cb2561f4a125d4a5b2
  .codex/agents/reviewer.toml: sha256:fae7d5b0a7866c01a29bd486fdacac5e5bbc8de4a03debe1d3ce954b0735fe6d
  .codex/agents/security-reviewer.toml: sha256:edab0d15af963c5a6158da8ba054547aaa633233a603864be995591c424a737f
  .codex/agents/spec-lead.toml: sha256:277a68858ffb1c60f851f488b94c15dbfc4e7df58aec67b4071f11c056b05dea
  .codex/agents/validator.toml: sha256:94f4b50581fc5ca61dfa48c33ab649ae9491f993a87c0afe299cb1ca41f62a94
  .github/agents/arbiter.agent.md: sha256:cc855c5b0793f68a6d02f15ce2f0d7842ef3ce5860260ed9b84ef3a4b9a229df
  .github/agents/builder.agent.md: sha256:e8b1b4ed02e4a010dbed77d664201a4bd82fb4c4b4340e2e2acd9dabcfe5a0d8
  .github/agents/challenger.agent.md: sha256:f5275e5799501d7f3cbac9d8706ac772c0b26a9840c7b583d12cbb14ff4b477f
  .github/agents/conductor.agent.md: sha256:f0677e29283db215b83edee3e65836a93d8e07bf1a464bbfd06e1d902f6373b9
  .github/agents/finalizer.agent.md: sha256:30a0ef0831b86802fc069ade6dcc07ac44947e0bbcd9da1d77668e4c59880bae
  .github/agents/github-gatekeeper.agent.md: sha256:63c6c9aedfe8fa847bb8ef1db485890eb7192c539681d99c35acd7c7f1ec534f
  .github/agents/researcher.agent.md: sha256:9e313a917b77235e0e3664f75729a94db98ff572662f7ef465c39f7fed78b6a8
  .github/agents/reviewer.agent.md: sha256:1c1f6ed964d4b01d207dca36030cd0b309ab98e61db1dc8e9797d60df7846885
  .github/agents/security-reviewer.agent.md: sha256:bca7bb46b4e74324942b325069eadfe6c3708af658ba838d3b9dfc79d92118b4
  .github/agents/spec-lead.agent.md: sha256:bb095a9f8a7617bd81eb4b22ce67c95e928dd2bd8ff35c3bfd2a5fddb06c00f0
  .github/agents/validator.agent.md: sha256:f5c816866226da02adfc26a802059ba44a747b6755f6cff45656d619b142366b
  .kiro/agents/arbiter.md: sha256:9d1f590aea65b645e99387fd7ec77518a22a64c1408f159dfffcef6a41932b85
  .kiro/agents/builder.md: sha256:1753403f5998441dc9296e770249f090003d11e79b1c8be2ffd0891ead1270ed
  .kiro/agents/challenger.md: sha256:45b96ada40603f4e5ce4d374d4bba733c1dd4ea836c8f9528119bae5d3d91e67
  .kiro/agents/conductor.md: sha256:da9ec985f2a24572e00a672ba8593e7705ec612158953275be1c5a8351d2a1c5
  .kiro/agents/finalizer.md: sha256:80f950bfd1b29e868924e333bd57fd5387de6ab34899433154177d56228d0ec8
  .kiro/agents/github-gatekeeper.md: sha256:b7304474bed9ad4baf2b6e0d4aadfb149f453d5537fa430933f71347f0b4809b
  .kiro/agents/researcher.md: sha256:1ff29d6ec88458f9ea4b59182c6323db074e93ce134ce1431c6875e4fd9c2d1b
  .kiro/agents/reviewer.md: sha256:0c30b535d9674613b0aedd9c1024f6e1acd64708a6fd6c72f3a85da991797d35
  .kiro/agents/security-reviewer.md: sha256:a02d4b9e6417ba834715c8141d53870b3ec3fd3397a63108f9f65e774cc1133a
  .kiro/agents/spec-lead.md: sha256:06e29720be7eef1b239d911ea82f9434b02d00ad63331e89fe806c1a3f6f5831
  .kiro/agents/validator.md: sha256:da78ba6221ac5b1692f1ab44642d06f94eef4b8278a25afcb1bbcedf3195e849
  .kiro/skills/code-conductor-protocol/SKILL.md: sha256:40533ea9b9800d5ccb39966303c69ea6d32e7789b5e28e95d94295a8fbbc507e
  .kiro/skills/evidence-driven-review/SKILL.md: sha256:7df7b1a50e001478bc9354dc9f4b0b7a3282ee27486d30efc5523c55f45a205c
  .kiro/skills/github-gatekeeper/SKILL.md: sha256:08d292196ae9eb408b84d0ad999f94474d99ef38164b59b2988513adc047cfb4
